
Microsoft Visual Studio Solution File, Format Version 12.00
# Visual Studio Version 17
VisualStudioVersion = 17.4.33205.214
MinimumVisualStudioVersion = 10.0.40219.1
Project("{FAE04EC0-301F-11D3-BF4B-00C04F79EFBC}") = "Employees", "Employees\Employees.csproj", "{675C6EE8-9CAD-4D46-A1A0-1157C6DBEF82}"
EndProject
Global
	GlobalSection(SolutionConfigurationPlatforms) = preSolution
		Debug|Any CPU = Debug|Any CPU
		Release|Any CPU = Release|Any CPU
	EndGlobalSection
	GlobalSection(ProjectConfigurationPlatforms) = postSolution
		{675C6EE8-9CAD-4D46-A1A0-1157C6DBEF82}.Debug|Any CPU.ActiveCfg = Debug|Any CPU
		{675C6EE8-9CAD-4D46-A1A0-1157C6DBEF82}.Debug|Any CPU.Build.0 = Debug|Any CPU
		{675C6EE8-9CAD-4D46-A1A0-1157C6DBEF82}.Release|Any CPU.ActiveCfg = Release|Any CPU
		{675C6EE8-9CAD-4D46-A1A0-1157C6DBEF82}.Release|Any CPU.Build.0 = Release|Any CPU
	EndGlobalSection
	GlobalSection(SolutionProperties) = preSolution
		HideSolutionNode = FALSE
	EndGlobalSection
	GlobalSection(ExtensibilityGlobals) = postSolution
		SolutionGuid = {7157FBCD-2390-4C7F-A8B7-F38BC6B9723B}
	EndGlobalSection
EndGlobal
